
Microsoft Visual Studio Solution File, Format Version 12.00
# Visual Studio Version 17
VisualStudioVersion = 17.8.34330.188
MinimumVisualStudioVersion = 10.0.40219.1
Project("{FAE04EC0-301F-11D3-BF4B-00C04F79EFBC}") = "Preparation", "..\..\МГ\ООП\TT2\Preparation\Preparation\Preparation.csproj", "{2B6FB83D-12B4-4806-A60C-411BD2DCE5B9}"
EndProject
Global
	GlobalSection(SolutionConfigurationPlatforms) = preSolution
		Debug|Any CPU = Debug|Any CPU
		Release|Any CPU = Release|Any CPU
	EndGlobalSection
	GlobalSection(ProjectConfigurationPlatforms) = postSolution
		{2B6FB83D-12B4-4806-A60C-411BD2DCE5B9}.Debug|Any CPU.ActiveCfg = Debug|Any CPU
		{2B6FB83D-12B4-4806-A60C-411BD2DCE5B9}.Debug|Any CPU.Build.0 = Debug|Any CPU
		{2B6FB83D-12B4-4806-A60C-411BD2DCE5B9}.Release|Any CPU.ActiveCfg = Release|Any CPU
		{2B6FB83D-12B4-4806-A60C-411BD2DCE5B9}.Release|Any CPU.Build.0 = Release|Any CPU
	EndGlobalSection
	GlobalSection(SolutionProperties) = preSolution
		HideSolutionNode = FALSE
	EndGlobalSection
	GlobalSection(ExtensibilityGlobals) = postSolution
		SolutionGuid = {9A44F450-9622-4A17-83FB-8AAE9DB96049}
	EndGlobalSection
EndGlobal
